
Microsoft Visual Studio Solution File, Format Version 12.00
# Visual Studio Version 17
VisualStudioVersion = 17.14.36414.22
MinimumVisualStudioVersion = 10.0.40219.1
Project("{2150E333-8FDC-42A3-9474-1A3956D46DE8}") = "Task0", "Task0", "{02EA681E-C7D8-13C7-8484-4AC65E1B71E8}"
EndProject
Project("{FAE04EC0-301F-11D3-BF4B-00C04F79EFBC}") = "Tyuiu.KolganenkoRV.Sprint1.Task0.V6", "Tyuiu.KolganenkoRV.Sprint1.Task0.V6\Tyuiu.KolganenkoRV.Sprint1.Task0.V6.csproj", "{3CA2EB7A-D7DC-49C9-B96D-5627B910956A}"
EndProject
Project("{FAE04EC0-301F-11D3-BF4B-00C04F79EFBC}") = "Tyuiu.KolganenkoRV.Sprint1.Task0.V6.Test", "Tyuiu.KolganenkoRV.Sprint1.Task0.V6.Test\Tyuiu.KolganenkoRV.Sprint1.Task0.V6.Test.csproj", "{C7F6E6AC-0D00-45FA-85A1-9A8569CE2366}"
EndProject
Project("{FAE04EC0-301F-11D3-BF4B-00C04F79EFBC}") = "Tyuiu.KolganenkoRV.Sprint1.Task0.V6.Lib", "Tyuiu.KolganenkoRV.Sprint1.Task0.V6.Lib\Tyuiu.KolganenkoRV.Sprint1.Task0.V6.Lib.csproj", "{9E9846A8-1D55-4DEA-A3B8-3E44F43655D7}"
EndProject
Project("{2150E333-8FDC-42A3-9474-1A3956D46DE8}") = "Task1", "Task1", "{339FF477-47B1-4253-8C0B-D82535998724}"
EndProject
Project("{FAE04EC0-301F-11D3-BF4B-00C04F79EFBC}") = "Tyuiu.KolganenkoRV.Sprint1.Task1.V2", "Tyuiu.KolganenkoRV.Sprint1.Task1.V2\Tyuiu.KolganenkoRV.Sprint1.Task1.V2.csproj", "{C494C780-4AEE-486C-AA4F-F23AD345789D}"
EndProject
Project("{FAE04EC0-301F-11D3-BF4B-00C04F79EFBC}") = "Tyuiu.KolganenkoRV.Sprint1.Task1.V2.Test", "Tyuiu.KolganenkoRV.Sprint1.Task1.V2.Test\Tyuiu.KolganenkoRV.Sprint1.Task1.V2.Test.csproj", "{C0E49355-9400-498D-8012-168058D2EE5D}"
EndProject
Project("{FAE04EC0-301F-11D3-BF4B-00C04F79EFBC}") = "Tyuiu.KolganenkoRV.Sprint1.Task1.V2.Lib", "Tyuiu.KolganenkoRV.Sprint1.Task1.V2.Lib\Tyuiu.KolganenkoRV.Sprint1.Task1.V2.Lib.csproj", "{A10B0EB8-CD5B-405D-B3EC-11EBD88E39B5}"
EndProject
Project("{2150E333-8FDC-42A3-9474-1A3956D46DE8}") = "Task2", "Task2", "{CC0BFAC8-4D04-45C4-9C30-00C8BF8D56B9}"
EndProject
Project("{FAE04EC0-301F-11D3-BF4B-00C04F79EFBC}") = "Tyuiu.KolganenkoRV.Sprint1.Task2.V12", "Tyuiu.KolganenkoRV.Sprint1.Task2.V12\Tyuiu.KolganenkoRV.Sprint1.Task2.V12.csproj", "{1185BAA7-6A21-4788-9B01-6D981D10BC87}"
EndProject
Project("{FAE04EC0-301F-11D3-BF4B-00C04F79EFBC}") = "Tyuiu.KolganenkoRV.Sprint1.Task2.V12.Lib", "Tyuiu.KolganenkoRV.Sprint1.Task2.V12.Lib\Tyuiu.KolganenkoRV.Sprint1.Task2.V12.Lib.csproj", "{CE26B438-146F-4004-BB4B-04F1698DA938}"
EndProject
Project("{FAE04EC0-301F-11D3-BF4B-00C04F79EFBC}") = "Tyuiu.KolganenkoRV.Sprint1.Task2.V12.Test", "Tyuiu.KolganenkoRV.Sprint1.Task2.V12.Test\Tyuiu.KolganenkoRV.Sprint1.Task2.V12.Test.csproj", "{16B5A8FC-002E-494B-8D74-670F78A77A02}"
EndProject
Project("{2150E333-8FDC-42A3-9474-1A3956D46DE8}") = "Task3", "Task3", "{E6F9C57B-CFAF-4010-94CD-0DB38B364F42}"
EndProject
Project("{FAE04EC0-301F-11D3-BF4B-00C04F79EFBC}") = "Tyuiu.KolganenkoRV.Sprint1.Task3.V7", "Tyuiu.KolganenkoRV.Sprint1.Task3.V7\Tyuiu.KolganenkoRV.Sprint1.Task3.V7.csproj", "{E865707A-84FE-4CE2-B568-AEF37427C41C}"
EndProject
Project("{FAE04EC0-301F-11D3-BF4B-00C04F79EFBC}") = "Tyuiu.KolganenkoRV.Sprint1.Task3.V7.Test", "Tyuiu.KolganenkoRV.Sprint1.Task3.V7.Test\Tyuiu.KolganenkoRV.Sprint1.Task3.V7.Test.csproj", "{54A7BBBF-2C9F-45CD-9831-2FF38FAFACA5}"
EndProject
Project("{FAE04EC0-301F-11D3-BF4B-00C04F79EFBC}") = "Tyuiu.KolganenkoRV.Sprint1.Task3.V7.Lib", "Tyuiu.KolganenkoRV.Sprint1.Task3.V7.Lib\Tyuiu.KolganenkoRV.Sprint1.Task3.V7.Lib.csproj", "{0CAD1C5F-3982-4E67-B304-6B0B434E927E}"
EndProject
Project("{2150E333-8FDC-42A3-9474-1A3956D46DE8}") = "Task4", "Task4", "{C68FAF85-25D5-4963-BEFB-13FF11DCE943}"
EndProject
Project("{FAE04EC0-301F-11D3-BF4B-00C04F79EFBC}") = "Tyuiu.KolganenkoRV.Sprint1.Task4.V8", "Tyuiu.KolganenkoRV.Sprint1.Task4.V8\Tyuiu.KolganenkoRV.Sprint1.Task4.V8.csproj", "{320020FD-A402-4857-B9DD-C7F5647E10D1}"
EndProject
Project("{FAE04EC0-301F-11D3-BF4B-00C04F79EFBC}") = "Tyuiu.KolganenkoRV.Sprint1.Task4.V8.Lib", "Tyuiu.KolganenkoRV.Sprint1.Task4.V8.Lib\Tyuiu.KolganenkoRV.Sprint1.Task4.V8.Lib.csproj", "{36920EB3-18C6-4BFB-AC95-88EF7D65EB7E}"
EndProject
Project("{FAE04EC0-301F-11D3-BF4B-00C04F79EFBC}") = "Tyuiu.KolganenkoRV.Sprint1.Task4.V8.Test", "Tyuiu.KolganenkoRV.Sprint1.Task4.V8.Test\Tyuiu.KolganenkoRV.Sprint1.Task4.V8.Test.csproj", "{2B4D8C83-5B4B-4133-AA73-3AE4C9AF2215}"
EndProject
Global
	GlobalSection(SolutionConfigurationPlatforms) = preSolution
		Debug|Any CPU = Debug|Any CPU
		Release|Any CPU = Release|Any CPU
	EndGlobalSection
	GlobalSection(ProjectConfigurationPlatforms) = postSolution
		{3CA2EB7A-D7DC-49C9-B96D-5627B910956A}.Debug|Any CPU.ActiveCfg = Debug|Any CPU
		{3CA2EB7A-D7DC-49C9-B96D-5627B910956A}.Debug|Any CPU.Build.0 = Debug|Any CPU
		{3CA2EB7A-D7DC-49C9-B96D-5627B910956A}.Release|Any CPU.ActiveCfg = Release|Any CPU
		{3CA2EB7A-D7DC-49C9-B96D-5627B910956A}.Release|Any CPU.Build.0 = Release|Any CPU
		{C7F6E6AC-0D00-45FA-85A1-9A8569CE2366}.Debug|Any CPU.ActiveCfg = Debug|Any CPU
		{C7F6E6AC-0D00-45FA-85A1-9A8569CE2366}.Debug|Any CPU.Build.0 = Debug|Any CPU
		{C7F6E6AC-0D00-45FA-85A1-9A8569CE2366}.Release|Any CPU.ActiveCfg = Release|Any CPU
		{C7F6E6AC-0D00-45FA-85A1-9A8569CE2366}.Release|Any CPU.Build.0 = Release|Any CPU
		{9E9846A8-1D55-4DEA-A3B8-3E44F43655D7}.Debug|Any CPU.ActiveCfg = Debug|Any CPU
		{9E9846A8-1D55-4DEA-A3B8-3E44F43655D7}.Debug|Any CPU.Build.0 = Debug|Any CPU
		{9E9846A8-1D55-4DEA-A3B8-3E44F43655D7}.Release|Any CPU.ActiveCfg = Release|Any CPU
		{9E9846A8-1D55-4DEA-A3B8-3E44F43655D7}.Release|Any CPU.Build.0 = Release|Any CPU
		{C494C780-4AEE-486C-AA4F-F23AD345789D}.Debug|Any CPU.ActiveCfg = Debug|Any CPU
		{C494C780-4AEE-486C-AA4F-F23AD345789D}.Debug|Any CPU.Build.0 = Debug|Any CPU
		{C494C780-4AEE-486C-AA4F-F23AD345789D}.Release|Any CPU.ActiveCfg = Release|Any CPU
		{C494C780-4AEE-486C-AA4F-F23AD345789D}.Release|Any CPU.Build.0 = Release|Any CPU
		{C0E49355-9400-498D-8012-168058D2EE5D}.Debug|Any CPU.ActiveCfg = Debug|Any CPU
		{C0E49355-9400-498D-8012-168058D2EE5D}.Debug|Any CPU.Build.0 = Debug|Any CPU
		{C0E49355-9400-498D-8012-168058D2EE5D}.Release|Any CPU.ActiveCfg = Release|Any CPU
		{C0E49355-9400-498D-8012-168058D2EE5D}.Release|Any CPU.Build.0 = Release|Any CPU
		{A10B0EB8-CD5B-405D-B3EC-11EBD88E39B5}.Debug|Any CPU.ActiveCfg = Debug|Any CPU
		{A10B0EB8-CD5B-405D-B3EC-11EBD88E39B5}.Debug|Any CPU.Build.0 = Debug|Any CPU
		{A10B0EB8-CD5B-405D-B3EC-11EBD88E39B5}.Release|Any CPU.ActiveCfg = Release|Any CPU
		{A10B0EB8-CD5B-405D-B3EC-11EBD88E39B5}.Release|Any CPU.Build.0 = Release|Any CPU
		{1185BAA7-6A21-4788-9B01-6D981D10BC87}.Debug|Any CPU.ActiveCfg = Debug|Any CPU
		{1185BAA7-6A21-4788-9B01-6D981D10BC87}.Debug|Any CPU.Build.0 = Debug|Any CPU
		{1185BAA7-6A21-4788-9B01-6D981D10BC87}.Release|Any CPU.ActiveCfg = Release|Any CPU
		{1185BAA7-6A21-4788-9B01-6D981D10BC87}.Release|Any CPU.Build.0 = Release|Any CPU
		{CE26B438-146F-4004-BB4B-04F1698DA938}.Debug|Any CPU.ActiveCfg = Debug|Any CPU
		{CE26B438-146F-4004-BB4B-04F1698DA938}.Debug|Any CPU.Build.0 = Debug|Any CPU
		{CE26B438-146F-4004-BB4B-04F1698DA938}.Release|Any CPU.ActiveCfg = Release|Any CPU
		{CE26B438-146F-4004-BB4B-04F1698DA938}.Release|Any CPU.Build.0 = Release|Any CPU
		{16B5A8FC-002E-494B-8D74-670F78A77A02}.Debug|Any CPU.ActiveCfg = Debug|Any CPU
		{16B5A8FC-002E-494B-8D74-670F78A77A02}.Debug|Any CPU.Build.0 = Debug|Any CPU
		{16B5A8FC-002E-494B-8D74-670F78A77A02}.Release|Any CPU.ActiveCfg = Release|Any CPU
		{16B5A8FC-002E-494B-8D74-670F78A77A02}.Release|Any CPU.Build.0 = Release|Any CPU
		{E865707A-84FE-4CE2-B568-AEF37427C41C}.Debug|Any CPU.ActiveCfg = Debug|Any CPU
		{E865707A-84FE-4CE2-B568-AEF37427C41C}.Debug|Any CPU.Build.0 = Debug|Any CPU
		{E865707A-84FE-4CE2-B568-AEF37427C41C}.Release|Any CPU.ActiveCfg = Release|Any CPU
		{E865707A-84FE-4CE2-B568-AEF37427C41C}.Release|Any CPU.Build.0 = Release|Any CPU
		{54A7BBBF-2C9F-45CD-9831-2FF38FAFACA5}.Debug|Any CPU.ActiveCfg = Debug|Any CPU
		{54A7BBBF-2C9F-45CD-9831-2FF38FAFACA5}.Debug|Any CPU.Build.0 = Debug|Any CPU
		{54A7BBBF-2C9F-45CD-9831-2FF38FAFACA5}.Release|Any CPU.ActiveCfg = Release|Any CPU
		{54A7BBBF-2C9F-45CD-9831-2FF38FAFACA5}.Release|Any CPU.Build.0 = Release|Any CPU
		{0CAD1C5F-3982-4E67-B304-6B0B434E927E}.Debug|Any CPU.ActiveCfg = Debug|Any CPU
		{0CAD1C5F-3982-4E67-B304-6B0B434E927E}.Debug|Any CPU.Build.0 = Debug|Any CPU
		{0CAD1C5F-3982-4E67-B304-6B0B434E927E}.Release|Any CPU.ActiveCfg = Release|Any CPU
		{0CAD1C5F-3982-4E67-B304-6B0B434E927E}.Release|Any CPU.Build.0 = Release|Any CPU
		{320020FD-A402-4857-B9DD-C7F5647E10D1}.Debug|Any CPU.ActiveCfg = Debug|Any CPU
		{320020FD-A402-4857-B9DD-C7F5647E10D1}.Debug|Any CPU.Build.0 = Debug|Any CPU
		{320020FD-A402-4857-B9DD-C7F5647E10D1}.Release|Any CPU.ActiveCfg = Release|Any CPU
		{320020FD-A402-4857-B9DD-C7F5647E10D1}.Release|Any CPU.Build.0 = Release|Any CPU
		{36920EB3-18C6-4BFB-AC95-88EF7D65EB7E}.Debug|Any CPU.ActiveCfg = Debug|Any CPU
		{36920EB3-18C6-4BFB-AC95-88EF7D65EB7E}.Debug|Any CPU.Build.0 = Debug|Any CPU
		{36920EB3-18C6-4BFB-AC95-88EF7D65EB7E}.Release|Any CPU.ActiveCfg = Release|Any CPU
		{36920EB3-18C6-4BFB-AC95-88EF7D65EB7E}.Release|Any CPU.Build.0 = Release|Any CPU
		{2B4D8C83-5B4B-4133-AA73-3AE4C9AF2215}.Debug|Any CPU.ActiveCfg = Debug|Any CPU
		{2B4D8C83-5B4B-4133-AA73-3AE4C9AF2215}.Debug|Any CPU.Build.0 = Debug|Any CPU
		{2B4D8C83-5B4B-4133-AA73-3AE4C9AF2215}.Release|Any CPU.ActiveCfg = Release|Any CPU
		{2B4D8C83-5B4B-4133-AA73-3AE4C9AF2215}.Release|Any CPU.Build.0 = Release|Any CPU
	EndGlobalSection
	GlobalSection(SolutionProperties) = preSolution
		HideSolutionNode = FALSE
	EndGlobalSection
	GlobalSection(NestedProjects) = preSolution
		{3CA2EB7A-D7DC-49C9-B96D-5627B910956A} = {02EA681E-C7D8-13C7-8484-4AC65E1B71E8}
		{C7F6E6AC-0D00-45FA-85A1-9A8569CE2366} = {02EA681E-C7D8-13C7-8484-4AC65E1B71E8}
		{9E9846A8-1D55-4DEA-A3B8-3E44F43655D7} = {02EA681E-C7D8-13C7-8484-4AC65E1B71E8}
		{C494C780-4AEE-486C-AA4F-F23AD345789D} = {339FF477-47B1-4253-8C0B-D82535998724}
		{C0E49355-9400-498D-8012-168058D2EE5D} = {339FF477-47B1-4253-8C0B-D82535998724}
		{A10B0EB8-CD5B-405D-B3EC-11EBD88E39B5} = {339FF477-47B1-4253-8C0B-D82535998724}
		{1185BAA7-6A21-4788-9B01-6D981D10BC87} = {CC0BFAC8-4D04-45C4-9C30-00C8BF8D56B9}
		{CE26B438-146F-4004-BB4B-04F1698DA938} = {CC0BFAC8-4D04-45C4-9C30-00C8BF8D56B9}
		{16B5A8FC-002E-494B-8D74-670F78A77A02} = {CC0BFAC8-4D04-45C4-9C30-00C8BF8D56B9}
		{E865707A-84FE-4CE2-B568-AEF37427C41C} = {E6F9C57B-CFAF-4010-94CD-0DB38B364F42}
		{54A7BBBF-2C9F-45CD-9831-2FF38FAFACA5} = {E6F9C57B-CFAF-4010-94CD-0DB38B364F42}
		{0CAD1C5F-3982-4E67-B304-6B0B434E927E} = {E6F9C57B-CFAF-4010-94CD-0DB38B364F42}
		{320020FD-A402-4857-B9DD-C7F5647E10D1} = {C68FAF85-25D5-4963-BEFB-13FF11DCE943}
		{36920EB3-18C6-4BFB-AC95-88EF7D65EB7E} = {C68FAF85-25D5-4963-BEFB-13FF11DCE943}
		{2B4D8C83-5B4B-4133-AA73-3AE4C9AF2215} = {C68FAF85-25D5-4963-BEFB-13FF11DCE943}
	EndGlobalSection
	GlobalSection(ExtensibilityGlobals) = postSolution
		SolutionGuid = {E70D4746-6C7C-4960-8353-BB539488C604}
	EndGlobalSection
EndGlobal
